
Microsoft Visual Studio Solution File, Format Version 12.00
# Visual Studio Version 16
VisualStudioVersion = 25.0.1705.3
MinimumVisualStudioVersion = 10.0.40219.1
Project("{FAE04EC0-301F-11D3-BF4B-00C04F79EFBC}") = "Shop", "Shop\Shop.csproj", "{9F167938-7E54-4C96-B18D-10F3C5AF9501}"
EndProject
Global
	GlobalSection(SolutionConfigurationPlatforms) = preSolution
		Debug|Any CPU = Debug|Any CPU
		Release|Any CPU = Release|Any CPU
	EndGlobalSection
	GlobalSection(ProjectConfigurationPlatforms) = postSolution
		{9F167938-7E54-4C96-B18D-10F3C5AF9501}.Debug|Any CPU.ActiveCfg = Debug|Any CPU
		{9F167938-7E54-4C96-B18D-10F3C5AF9501}.Debug|Any CPU.Build.0 = Debug|Any CPU
		{9F167938-7E54-4C96-B18D-10F3C5AF9501}.Release|Any CPU.ActiveCfg = Release|Any CPU
		{9F167938-7E54-4C96-B18D-10F3C5AF9501}.Release|Any CPU.Build.0 = Release|Any CPU
	EndGlobalSection
	GlobalSection(SolutionProperties) = preSolution
		HideSolutionNode = FALSE
	EndGlobalSection
	GlobalSection(ExtensibilityGlobals) = postSolution
		SolutionGuid = {179A085A-8096-4CD9-AA8C-3EA528FDC83D}
	EndGlobalSection
EndGlobal
